{
  "name": "tkxml-extension",
  "version": "0.0.1",
  "lockfileVersion": 3,
  "requires": true,
  "packages": {
    "": {
      "name": "tkxml-extension",
      "version": "0.0.1",
      "dependencies": {
        "font-scanner": "^0.2.1"
      },
      "engines": {
        "vscode": "^1.95.0"
      }
    },
    "node_modules/font-scanner": {
      "version": "0.2.1",
      "resolved": "https://registry.npmjs.org/font-scanner/-/font-scanner-0.2.1.tgz",
      "integrity": "sha512-YP+EZZ0hjOdJABdDzMdv1nKMhueZQJUQU86lka4HIVesPDVxW5hd9Gz9zGgwDE0G/UjRwmhlBB3FxYtPgkh/cg==",
      "hasInstallScript": true,
      "license": "MIT",
      "dependencies": {
        "node-addon-api": "^5.0.0"
      }
    },
    "node_modules/node-addon-api": {
      "version": "5.1.0",
      "resolved": "https://registry.npmjs.org/node-addon-api/-/node-addon-api-5.1.0.tgz",
      "integrity": "sha512-eh0GgfEkpnoWDq+VY8OyvYhFEzBk6jIYbRKdIlyTiAXIVJ8PyBaKb0rp7oDtoddbdoHWhq8wwr+XZ81F1rpNdA==",
      "license": "MIT"
    }
  }
}
